Microsoft Visual Studio Solution File, Format Version 12.00
# Visual Studio Version 17
VisualStudioVersion = 17.9.34526.213
MinimumVisualStudioVersion = 10.0.40219.1
Project("{FAE04EC0-301F-11D3-BF4B-00C04F79EFBC}") = "Delivery", "Delivery\Delivery.csproj", "{0A09EA65-2D90-4245-89D9-10DC5DDBFA8E}"
EndProject
Global
	GlobalSection(SolutionConfigurationPlatforms) = preSolution
		Debug|Any CPU = Debug|Any CPU
		Release|Any CPU = Release|Any CPU
	EndGlobalSection
	GlobalSection(ProjectConfigurationPlatforms) = postSolution
		{0A09EA65-2D90-4245-89D9-10DC5DDBFA8E}.Debug|Any CPU.ActiveCfg = Debug|Any CPU
		{0A09EA65-2D90-4245-89D9-10DC5DDBFA8E}.Debug|Any CPU.Build.0 = Debug|Any CPU
		{0A09EA65-2D90-4245-89D9-10DC5DDBFA8E}.Release|Any CPU.ActiveCfg = Release|Any CPU
		{0A09EA65-2D90-4245-89D9-10DC5DDBFA8E}.Release|Any CPU.Build.0 = Release|Any CPU
	EndGlobalSection
	GlobalSection(SolutionProperties) = preSolution
		HideSolutionNode = FALSE
	EndGlobalSection
EndGlobal
